<?xml version="1.0" encoding="utf-8"?>
<Project ToolsVersion="4.0" xmlns="http://schemas.microsoft.com/developer/msbuild/2003">
  <ItemGroup>
    <Filter Include="Source Files">
      <UniqueIdentifier>{4FC737F1-C7A5-4376-A066-2A32D752A2FF}</UniqueIdentifier>
      <Extensions>cpp;c;cc;cxx;def;odl;idl;hpj;bat;asm;asmx</Extensions>
    </Filter>
    <Filter Include="Header Files">
      <UniqueIdentifier>{93995380-89BD-4b04-88EB-625FBE52EBFB}</UniqueIdentifier>
      <Extensions>h;hh;hpp;hxx;hm;inl;inc;xsd</Extensions>
    </Filter>
    <Filter Include="Resource Files">
      <UniqueIdentifier>{67DA6AB6-F800-4c08-8B7A-83BB121AAD01}</UniqueIdentifier>
      <Extensions>rc;ico;cur;bmp;dlg;rc2;rct;bin;rgs;gif;jpg;jpeg;jpe;resx;tiff;tif;png;wav;mfcribbon-ms</Extensions>
    </Filter>
  </ItemGroup>
  <ItemGroup>
    <ClCompile Include="main.cpp">
      <Filter>Source Files</Filter>
    </ClCompile>
    <ClCompile Include="components\engine\core\system\cpp\DirectiveParser.cpp">
      <Filter>Source Files</Filter>
    </ClCompile>
    <ClCompile Include="components\engine\core\system\cpp\Response.cpp">
      <Filter>Source Files</Filter>
    </ClCompile>
    <ClCompile Include="components\engine\core\core\h\FrameBuffer.h">
      <Filter>Source Files</Filter>
    </ClCompile>
    <ClCompile Include="components\engine\core\system\cpp\SceneResponse.cpp">
      <Filter>Source Files</Filter>
    </ClCompile>
    <ClCompile Include="components\engine\core\core\cpp\SceneManager.cpp">
      <Filter>Source Files</Filter>
    </ClCompile>
    <ClCompile Include="components\engine\core\core\cpp\SceneID.cpp">
      <Filter>Source Files</Filter>
    </ClCompile>
    <ClCompile Include="components\engine\core\core\cpp\Scene.cpp">
      <Filter>Source Files</Filter>
    </ClCompile>
    <ClCompile Include="components\engine\core\core\cpp\FrameBuffer.cpp">
      <Filter>Source Files</Filter>
    </ClCompile>
    <ClCompile Include="components\engine\core\core\cpp\FrameID.cpp">
      <Filter>Source Files</Filter>
    </ClCompile>
    <ClCompile Include="components\engine\core\core\cpp\Texture.cpp">
      <Filter>Source Files</Filter>
    </ClCompile>
    <ClCompile Include="components\engine\core\system\cpp\TextureIDResponse.cpp">
      <Filter>Source Files</Filter>
    </ClCompile>
    <ClCompile Include="components\engine\core\core\cpp\TextureAlbum.cpp">
      <Filter>Source Files</Filter>
    </ClCompile>
    <ClCompile Include="components\engine\core\core\cpp\TextureID.cpp">
      <Filter>Source Files</Filter>
    </ClCompile>
  </ItemGroup>
  <ItemGroup>
    <ClInclude Include="components\engine\core\system\h\DirectiveParser.h">
      <Filter>Header Files</Filter>
    </ClInclude>
    <ClInclude Include="components\engine\core\system\h\Response.h">
      <Filter>Header Files</Filter>
    </ClInclude>
    <ClInclude Include="components\engine\core\system\defaults\Constants.h">
      <Filter>Header Files</Filter>
    </ClInclude>
    <ClInclude Include="components\engine\geometry\h\Geometry.h">
      <Filter>Header Files</Filter>
    </ClInclude>
    <ClInclude Include="components\engine\core\core\h\ID.h">
      <Filter>Header Files</Filter>
    </ClInclude>
    <ClInclude Include="components\engine\core\core\h\GLobject.h">
      <Filter>Header Files</Filter>
    </ClInclude>
    <ClInclude Include="components\engine\core\core\h\Scene.h">
      <Filter>Header Files</Filter>
    </ClInclude>
    <ClInclude Include="components\engine\core\core\h\ObjectID.h">
      <Filter>Header Files</Filter>
    </ClInclude>
    <ClInclude Include="components\engine\core\core\h\SceneManager.h">
      <Filter>Header Files</Filter>
    </ClInclude>
    <ClInclude Include="components\engine\core\core\h\SceneID.h">
      <Filter>Header Files</Filter>
    </ClInclude>
    <ClInclude Include="components\engine\core\system\h\SceneResponse.h">
      <Filter>Header Files</Filter>
    </ClInclude>
    <ClInclude Include="components\engine\core\core\h\FrameID.h">
      <Filter>Header Files</Filter>
    </ClInclude>
    <ClInclude Include="components\engine\core\core\h\Texture.h">
      <Filter>Header Files</Filter>
    </ClInclude>
    <ClInclude Include="components\engine\core\system\h\TextureIDResponse.h">
      <Filter>Header Files</Filter>
    </ClInclude>
    <ClInclude Include="components\engine\core\core\h\TextureAlbum.h">
      <Filter>Header Files</Filter>
    </ClInclude>
    <ClInclude Include="components\engine\core\core\h\TextureID.h">
      <Filter>Header Files</Filter>
    </ClInclude>
  </ItemGroup>
  <ItemGroup>
    <None Include="components\engine\core\system\defaults\default.dirc" />
    <None Include="usr\system\default.dirc" />
    <None Include="header_update.py" />
  </ItemGroup>
</Project>